
Microsoft Visual Studio Solution File, Format Version 12.00
# Visual Studio 15
VisualStudioVersion = 15.0.27428.2027
MinimumVisualStudioVersion = 10.0.40219.1
Project("{FAE04EC0-301F-11D3-BF4B-00C04F79EFBC}") = "Programmering1_7.5.1", "Programmering1_7.5.1\Programmering1_7.5.1.csproj", "{7B3C0265-7298-48AE-A2EE-4751BB8364B1}"
EndProject
Global
	GlobalSection(SolutionConfigurationPlatforms) = preSolution
		Debug|Any CPU = Debug|Any CPU
		Release|Any CPU = Release|Any CPU
	EndGlobalSection
	GlobalSection(ProjectConfigurationPlatforms) = postSolution
		{7B3C0265-7298-48AE-A2EE-4751BB8364B1}.Debug|Any CPU.ActiveCfg = Debug|Any CPU
		{7B3C0265-7298-48AE-A2EE-4751BB8364B1}.Debug|Any CPU.Build.0 = Debug|Any CPU
		{7B3C0265-7298-48AE-A2EE-4751BB8364B1}.Release|Any CPU.ActiveCfg = Release|Any CPU
		{7B3C0265-7298-48AE-A2EE-4751BB8364B1}.Release|Any CPU.Build.0 = Release|Any CPU
	EndGlobalSection
	GlobalSection(SolutionProperties) = preSolution
		HideSolutionNode = FALSE
	EndGlobalSection
	GlobalSection(ExtensibilityGlobals) = postSolution
		SolutionGuid = {D6888EDD-876B-41FD-9039-D60CCE53693C}
	EndGlobalSection
EndGlobal
